uuid: 9f6bc595-c153-40e3-a00b-65e831923d02
langcode: en
status: true
dependencies:
  content:
    - 'file:file:e9213f1a-c5de-453e-8f55-a3c9a16a7227'
  module:
    - paragraphs_library
third_party_settings:
  paragraphs_library:
    allow_library_conversion: true
id: paragraph_slider_block
label: 'Slider Block'
icon_uuid: e9213f1a-c5de-453e-8f55-a3c9a16a7227
icon_default: 'data:image/png;base64,iVBORw0KGgoAAAANSUhEUgAAAGQAAABkCAYAAABw4pVUAAAFuElEQVR4Xu2dXW7bRhDHZwS4aAvYdR4L1B85QZ0TRH2z/BL3BLFPYPMEVU5ApReIc4LIL7Lfqp4g7gki2QX6GNUGnAIGNJ2lIkdRFHNX3CVH2uErd7mz8+Pscod/LhH0EOUBFGWNGgMKRNhNoEAUiDAPCDNHI0SBCPOAMHM0QhSIMA8IM0cjRIEI84Awc2ZGyO7L/nMk3Gdb1xFoBwDXhdm9oObQgAAv2PgBIbXPj7ZeT3fkMyCN9HIfkFIE3F7QHi+U2QTUA8LkLNlsjw2/B7KXXh5wIuXVQvVoWYwlOOwkmyemOxkQhVE9WSL41UQK1tP369/j9TudJ6qGQoNbWnuMjbR/jIhp1eZo+wBElDCQyy4iPFWHVO8BHrb+xL1W/70OV9XDGFlAAwZySVLMUTs4NBSIrNtAgcjiAbibXtWF2RS1OZrtFYZfgSgQYR4QZo5GiDQgjd+vdJUuCIo+9gqCkaXfdWEoi4gCkcVDI0QYDwWiQKR5QJg9OocoEGEeEGaORogCEeYBYeZohEQLhOCU+96+hdV2N3k0GPvB6MK+gxvzkmyf1S/Py/CPkducJVutMtpylVkFjxAjbSFYOThPfuzlOWA3/We7Bnct1lM+yytb5PwtrT6avCmKXCuv7kiIeMPKHrsjLBCiF51kq2lnyqdSoaWtnePNUl87uOQLwwGZEBC7AjHljRKfh7A389TNqxMdEB6mXrNw+CDPMXnnXcffvOuNzw8JfzlPNrq25YuUMyKSGtIfttfwHiE8Yf77Ada2fY3Re2m/B4hbth2yK5d9OHPCmub7hwu7em6l2Bfmgye+Me0/ePIOBAoOVdNdDjl0ubm3nNLegYR4guGha8B38w/luKTaVrwCMY+4PHfUfXeJo4SHl3LWKL5td72eZyD48izZOHY1Iq88zyNNnkd+yyu3DOe9AuEvTuZad+Q5MvS6JK/9Ms/HCSTQjTMLnGt0ewVCtBhDVogHj69FUaWpk0WZ1KNaqYe4+3x/dhcVkIVYGFLtSSf5yWxxEfzYS//eARy+tW3I6xwyanT0vbWv1Emj1X/nf6sPugCs3W9nYeusucrRkPeMQd4vxu4IACRr+ISHhUM7E75eKlRysahdIeuHAsKB8mn/jnk6EFsOa+yjcEBMC4jNztHGC1cgMS0Ep30TFoiZUQC6RCuHtq9wEe94eygwe3VFeQQHMvYqg2mbTbv+G66dToscvq1dP6sR1rnsQZQUJjpdGhBJjjZvNFl40bSJ2iJ2G9EGwl3TJVMdJZAhrTwODWMMMlPS4B1vf2V3RAkkrpW63Y1QaSkFUqn7ZzQeVeqE4C9+oppQc9CO6/twkzWedKP/DdZM6gSbFFh1gqw64Zd2zdJTJx8d2PoAq91ZOaxs+1kwj7VmD+AvAX2s32MI7YeuwesTs3NqUJlp1cFcbFIn6g+hxrrdckRnxlmZ8AzI6H9/rtp5IdqfHwgPTaxkr/vK6rp0LnsLBzcnyxgt8wGpEMYkuGXcwNMZiJGKEnyzU9bC6qHIGX1bct1zfWhwicayyzoDCSX1mbfjy5YZdgLiW0g9L4TpemEE2b6sc7uOExDOpZ/ypvHiUuON9KqFSEduXZdZ2glIKN1VUde4itGKtheyvhMQ3wIGHx3LJna8futfCOHDOvdrOAIxDdCAn/857VArRUbzUJeIhts1AhZ326s63F1Ubo05gJRrYGytKRBhxBWINCAxfS4mzPdfmGPWefpDF0GUsh+6xCjXFMTgM1OyXx4tY4JOqsMffoQffd+vv80TQu/+t3lje5YtayrEz3ZmTP9YclwrU5xnr0d9b2VhZ1d0pfgVOG/xcTzz16uTzsiihQXPrB7hnxK7q0aic6xlh81jLad5LnieMKqc9vh3q5PVS903ytLuqIspEGH4FYgCEeYBYeZohCgQYR4QZo5GiAIR5gFh5miEKBBhHhBmjkaIMCD/A8IkrZdRhBxVAAAAAElFTkSuQmCC'
description: ''
behavior_plugins: {  }
